
Microsoft Visual Studio Solution File, Format Version 12.00
# Visual Studio Version 17
VisualStudioVersion = 17.4.33205.214
MinimumVisualStudioVersion = 10.0.40219.1
Project("{9A19103F-16F7-4668-BE54-9A1E7A4F7556}") = "InputResender", "InputResender\InputResender.csproj", "{86FD7D50-1A06-4DF9-9642-22A9F5A10AD2}"
EndProject
Project("{9A19103F-16F7-4668-BE54-9A1E7A4F7556}") = "Components.Interfaces", "Components.Interfaces\Components.Interfaces.csproj", "{9406DC56-2317-478D-9B2B-92C99DCE73D9}"
EndProject
Project("{9A19103F-16F7-4668-BE54-9A1E7A4F7556}") = "Components.Implementations", "Components.Implementations\Components.Implementations.csproj", "{10255552-4E05-491B-9EE4-2F5262C29048}"
EndProject
Project("{9A19103F-16F7-4668-BE54-9A1E7A4F7556}") = "Components.Convertors", "Components.Convertors\Components.Convertors.csproj", "{BA96EDAB-9308-42E8-A3E3-0B3DB4E2719E}"
EndProject
Project("{9A19103F-16F7-4668-BE54-9A1E7A4F7556}") = "Components.Library", "Components.Library\Components.Library.csproj", "{6EEEFCBE-448C-4563-878B-E6400CBA0860}"
EndProject
Project("{9A19103F-16F7-4668-BE54-9A1E7A4F7556}") = "InputResender.GUIComponents", "InputReader.GUIComponents\InputResender.GUIComponents.csproj", "{ED0E70EB-E0DE-4767-A5F8-EE935DE8E9A9}"
EndProject
Project("{9A19103F-16F7-4668-BE54-9A1E7A4F7556}") = "Components.ImplementationTests", "Components.ImplementationTests\Components.ImplementationTests.csproj", "{C1E04D51-79D4-4D98-BF07-092ED7F9C922}"
EndProject
Project("{9A19103F-16F7-4668-BE54-9A1E7A4F7556}") = "Components.InterfaceTests", "Components.InterfaceTests\Components.InterfaceTests.csproj", "{B5E8D4F4-7172-4CD8-AB2B-E19D2FF76AB1}"
EndProject
Project("{9A19103F-16F7-4668-BE54-9A1E7A4F7556}") = "InputResender.UnitTests", "InputResender.UnitTests\InputResender.UnitTests.csproj", "{49FBD467-3BD5-41D2-B7C7-FA541EF84FC8}"
EndProject
Project("{9A19103F-16F7-4668-BE54-9A1E7A4F7556}") = "InputResender.OSDependentTests.Windows", "InputResender.GUIComponentTests\InputResender.OSDependentTests.Windows.csproj", "{FB6A507A-507A-4035-8465-6F697AFD9221}"
EndProject
Project("{9A19103F-16F7-4668-BE54-9A1E7A4F7556}") = "InputResender.Services", "InputResender.Services\InputResender.Services.csproj", "{3EEFF6A1-A12D-4676-AFDE-56EA90266520}"
EndProject
Project("{9A19103F-16F7-4668-BE54-9A1E7A4F7556}") = "InputResender.ServiceTests", "InputResender.ServiceTests\InputResender.ServiceTests.csproj", "{121E9EE8-3C1C-446D-951A-5EB3EFAE0748}"
EndProject
Project("{9A19103F-16F7-4668-BE54-9A1E7A4F7556}") = "Components.LibraryTests", "Components.LibraryTests\Components.LibraryTests.csproj", "{ACB99D67-2C42-4284-8CBE-62268F7CEAD6}"
EndProject
Project("{9A19103F-16F7-4668-BE54-9A1E7A4F7556}") = "InputResender.UserTesting", "InputResender.UserTesting\InputResender.UserTesting.csproj", "{796A52A0-C1E9-4905-91C2-6DBB31B2F582}"
EndProject
Project("{9A19103F-16F7-4668-BE54-9A1E7A4F7556}") = "Components.Factories", "Components.Factories\Components.Factories.csproj", "{74D69C4A-31D8-4546-92D2-17DE552BCBC0}"
EndProject
Project("{9A19103F-16F7-4668-BE54-9A1E7A4F7556}") = "InputResender.Visualizer", "InputResender.Visualizer\InputResender.Visualizer.csproj", "{FCB47BF0-9C2E-47FF-B2F7-CBAE80EB54CC}"
EndProject
Project("{9A19103F-16F7-4668-BE54-9A1E7A4F7556}") = "InputResender.SandboxCmd", "InputResender.Cmd\InputResender.SandboxCmd.csproj", "{5DC422D1-1217-4A4D-8E6F-559EED6C9768}"
EndProject
Project("{FAE04EC0-301F-11D3-BF4B-00C04F79EFBC}") = "InputResender.OSDependent.Windows", "InputResender.OSDependent.Windows\InputResender.OSDependent.Windows.csproj", "{77C17755-8DC9-4DF1-A920-405E84AFAACF}"
EndProject
Global
	GlobalSection(SolutionConfigurationPlatforms) = preSolution
		Debug|Any CPU = Debug|Any CPU
		Debug|x64 = Debug|x64
		Debug|x86 = Debug|x86
		Release|Any CPU = Release|Any CPU
		Release|x64 = Release|x64
		Release|x86 = Release|x86
	EndGlobalSection
	GlobalSection(ProjectConfigurationPlatforms) = postSolution
		{86FD7D50-1A06-4DF9-9642-22A9F5A10AD2}.Debug|Any CPU.ActiveCfg = Debug|Any CPU
		{86FD7D50-1A06-4DF9-9642-22A9F5A10AD2}.Debug|Any CPU.Build.0 = Debug|Any CPU
		{86FD7D50-1A06-4DF9-9642-22A9F5A10AD2}.Debug|x64.ActiveCfg = Debug|Any CPU
		{86FD7D50-1A06-4DF9-9642-22A9F5A10AD2}.Debug|x64.Build.0 = Debug|Any CPU
		{86FD7D50-1A06-4DF9-9642-22A9F5A10AD2}.Debug|x86.ActiveCfg = Debug|Any CPU
		{86FD7D50-1A06-4DF9-9642-22A9F5A10AD2}.Debug|x86.Build.0 = Debug|Any CPU
		{86FD7D50-1A06-4DF9-9642-22A9F5A10AD2}.Release|Any CPU.ActiveCfg = Release|Any CPU
		{86FD7D50-1A06-4DF9-9642-22A9F5A10AD2}.Release|Any CPU.Build.0 = Release|Any CPU
		{86FD7D50-1A06-4DF9-9642-22A9F5A10AD2}.Release|x64.ActiveCfg = Release|Any CPU
		{86FD7D50-1A06-4DF9-9642-22A9F5A10AD2}.Release|x64.Build.0 = Release|Any CPU
		{86FD7D50-1A06-4DF9-9642-22A9F5A10AD2}.Release|x86.ActiveCfg = Release|Any CPU
		{86FD7D50-1A06-4DF9-9642-22A9F5A10AD2}.Release|x86.Build.0 = Release|Any CPU
		{9406DC56-2317-478D-9B2B-92C99DCE73D9}.Debug|Any CPU.ActiveCfg = Debug|Any CPU
		{9406DC56-2317-478D-9B2B-92C99DCE73D9}.Debug|Any CPU.Build.0 = Debug|Any CPU
		{9406DC56-2317-478D-9B2B-92C99DCE73D9}.Debug|x64.ActiveCfg = Debug|Any CPU
		{9406DC56-2317-478D-9B2B-92C99DCE73D9}.Debug|x64.Build.0 = Debug|Any CPU
		{9406DC56-2317-478D-9B2B-92C99DCE73D9}.Debug|x86.ActiveCfg = Debug|Any CPU
		{9406DC56-2317-478D-9B2B-92C99DCE73D9}.Debug|x86.Build.0 = Debug|Any CPU
		{9406DC56-2317-478D-9B2B-92C99DCE73D9}.Release|Any CPU.ActiveCfg = Release|Any CPU
		{9406DC56-2317-478D-9B2B-92C99DCE73D9}.Release|Any CPU.Build.0 = Release|Any CPU
		{9406DC56-2317-478D-9B2B-92C99DCE73D9}.Release|x64.ActiveCfg = Release|Any CPU
		{9406DC56-2317-478D-9B2B-92C99DCE73D9}.Release|x64.Build.0 = Release|Any CPU
		{9406DC56-2317-478D-9B2B-92C99DCE73D9}.Release|x86.ActiveCfg = Release|Any CPU
		{9406DC56-2317-478D-9B2B-92C99DCE73D9}.Release|x86.Build.0 = Release|Any CPU
		{10255552-4E05-491B-9EE4-2F5262C29048}.Debug|Any CPU.ActiveCfg = Debug|Any CPU
		{10255552-4E05-491B-9EE4-2F5262C29048}.Debug|Any CPU.Build.0 = Debug|Any CPU
		{10255552-4E05-491B-9EE4-2F5262C29048}.Debug|x64.ActiveCfg = Debug|Any CPU
		{10255552-4E05-491B-9EE4-2F5262C29048}.Debug|x64.Build.0 = Debug|Any CPU
		{10255552-4E05-491B-9EE4-2F5262C29048}.Debug|x86.ActiveCfg = Debug|Any CPU
		{10255552-4E05-491B-9EE4-2F5262C29048}.Debug|x86.Build.0 = Debug|Any CPU
		{10255552-4E05-491B-9EE4-2F5262C29048}.Release|Any CPU.ActiveCfg = Release|Any CPU
		{10255552-4E05-491B-9EE4-2F5262C29048}.Release|Any CPU.Build.0 = Release|Any CPU
		{10255552-4E05-491B-9EE4-2F5262C29048}.Release|x64.ActiveCfg = Release|Any CPU
		{10255552-4E05-491B-9EE4-2F5262C29048}.Release|x64.Build.0 = Release|Any CPU
		{10255552-4E05-491B-9EE4-2F5262C29048}.Release|x86.ActiveCfg = Release|Any CPU
		{10255552-4E05-491B-9EE4-2F5262C29048}.Release|x86.Build.0 = Release|Any CPU
		{BA96EDAB-9308-42E8-A3E3-0B3DB4E2719E}.Debug|Any CPU.ActiveCfg = Debug|Any CPU
		{BA96EDAB-9308-42E8-A3E3-0B3DB4E2719E}.Debug|Any CPU.Build.0 = Debug|Any CPU
		{BA96EDAB-9308-42E8-A3E3-0B3DB4E2719E}.Debug|x64.ActiveCfg = Debug|Any CPU
		{BA96EDAB-9308-42E8-A3E3-0B3DB4E2719E}.Debug|x64.Build.0 = Debug|Any CPU
		{BA96EDAB-9308-42E8-A3E3-0B3DB4E2719E}.Debug|x86.ActiveCfg = Debug|Any CPU
		{BA96EDAB-9308-42E8-A3E3-0B3DB4E2719E}.Debug|x86.Build.0 = Debug|Any CPU
		{BA96EDAB-9308-42E8-A3E3-0B3DB4E2719E}.Release|Any CPU.ActiveCfg = Release|Any CPU
		{BA96EDAB-9308-42E8-A3E3-0B3DB4E2719E}.Release|Any CPU.Build.0 = Release|Any CPU
		{BA96EDAB-9308-42E8-A3E3-0B3DB4E2719E}.Release|x64.ActiveCfg = Release|Any CPU
		{BA96EDAB-9308-42E8-A3E3-0B3DB4E2719E}.Release|x64.Build.0 = Release|Any CPU
		{BA96EDAB-9308-42E8-A3E3-0B3DB4E2719E}.Release|x86.ActiveCfg = Release|Any CPU
		{BA96EDAB-9308-42E8-A3E3-0B3DB4E2719E}.Release|x86.Build.0 = Release|Any CPU
		{6EEEFCBE-448C-4563-878B-E6400CBA0860}.Debug|Any CPU.ActiveCfg = Debug|Any CPU
		{6EEEFCBE-448C-4563-878B-E6400CBA0860}.Debug|Any CPU.Build.0 = Debug|Any CPU
		{6EEEFCBE-448C-4563-878B-E6400CBA0860}.Debug|x64.ActiveCfg = Debug|Any CPU
		{6EEEFCBE-448C-4563-878B-E6400CBA0860}.Debug|x64.Build.0 = Debug|Any CPU
		{6EEEFCBE-448C-4563-878B-E6400CBA0860}.Debug|x86.ActiveCfg = Debug|Any CPU
		{6EEEFCBE-448C-4563-878B-E6400CBA0860}.Debug|x86.Build.0 = Debug|Any CPU
		{6EEEFCBE-448C-4563-878B-E6400CBA0860}.Release|Any CPU.ActiveCfg = Release|Any CPU
		{6EEEFCBE-448C-4563-878B-E6400CBA0860}.Release|Any CPU.Build.0 = Release|Any CPU
		{6EEEFCBE-448C-4563-878B-E6400CBA0860}.Release|x64.ActiveCfg = Release|Any CPU
		{6EEEFCBE-448C-4563-878B-E6400CBA0860}.Release|x64.Build.0 = Release|Any CPU
		{6EEEFCBE-448C-4563-878B-E6400CBA0860}.Release|x86.ActiveCfg = Release|Any CPU
		{6EEEFCBE-448C-4563-878B-E6400CBA0860}.Release|x86.Build.0 = Release|Any CPU
		{ED0E70EB-E0DE-4767-A5F8-EE935DE8E9A9}.Debug|Any CPU.ActiveCfg = Debug|Any CPU
		{ED0E70EB-E0DE-4767-A5F8-EE935DE8E9A9}.Debug|Any CPU.Build.0 = Debug|Any CPU
		{ED0E70EB-E0DE-4767-A5F8-EE935DE8E9A9}.Debug|x64.ActiveCfg = Debug|Any CPU
		{ED0E70EB-E0DE-4767-A5F8-EE935DE8E9A9}.Debug|x64.Build.0 = Debug|Any CPU
		{ED0E70EB-E0DE-4767-A5F8-EE935DE8E9A9}.Debug|x86.ActiveCfg = Debug|Any CPU
		{ED0E70EB-E0DE-4767-A5F8-EE935DE8E9A9}.Debug|x86.Build.0 = Debug|Any CPU
		{ED0E70EB-E0DE-4767-A5F8-EE935DE8E9A9}.Release|Any CPU.ActiveCfg = Release|Any CPU
		{ED0E70EB-E0DE-4767-A5F8-EE935DE8E9A9}.Release|Any CPU.Build.0 = Release|Any CPU
		{ED0E70EB-E0DE-4767-A5F8-EE935DE8E9A9}.Release|x64.ActiveCfg = Release|Any CPU
		{ED0E70EB-E0DE-4767-A5F8-EE935DE8E9A9}.Release|x64.Build.0 = Release|Any CPU
		{ED0E70EB-E0DE-4767-A5F8-EE935DE8E9A9}.Release|x86.ActiveCfg = Release|Any CPU
		{ED0E70EB-E0DE-4767-A5F8-EE935DE8E9A9}.Release|x86.Build.0 = Release|Any CPU
		{C1E04D51-79D4-4D98-BF07-092ED7F9C922}.Debug|Any CPU.ActiveCfg = Debug|Any CPU
		{C1E04D51-79D4-4D98-BF07-092ED7F9C922}.Debug|Any CPU.Build.0 = Debug|Any CPU
		{C1E04D51-79D4-4D98-BF07-092ED7F9C922}.Debug|x64.ActiveCfg = Debug|Any CPU
		{C1E04D51-79D4-4D98-BF07-092ED7F9C922}.Debug|x64.Build.0 = Debug|Any CPU
		{C1E04D51-79D4-4D98-BF07-092ED7F9C922}.Debug|x86.ActiveCfg = Debug|Any CPU
		{C1E04D51-79D4-4D98-BF07-092ED7F9C922}.Debug|x86.Build.0 = Debug|Any CPU
		{C1E04D51-79D4-4D98-BF07-092ED7F9C922}.Release|Any CPU.ActiveCfg = Release|Any CPU
		{C1E04D51-79D4-4D98-BF07-092ED7F9C922}.Release|Any CPU.Build.0 = Release|Any CPU
		{C1E04D51-79D4-4D98-BF07-092ED7F9C922}.Release|x64.ActiveCfg = Release|Any CPU
		{C1E04D51-79D4-4D98-BF07-092ED7F9C922}.Release|x64.Build.0 = Release|Any CPU
		{C1E04D51-79D4-4D98-BF07-092ED7F9C922}.Release|x86.ActiveCfg = Release|Any CPU
		{C1E04D51-79D4-4D98-BF07-092ED7F9C922}.Release|x86.Build.0 = Release|Any CPU
		{B5E8D4F4-7172-4CD8-AB2B-E19D2FF76AB1}.Debug|Any CPU.ActiveCfg = Debug|Any CPU
		{B5E8D4F4-7172-4CD8-AB2B-E19D2FF76AB1}.Debug|Any CPU.Build.0 = Debug|Any CPU
		{B5E8D4F4-7172-4CD8-AB2B-E19D2FF76AB1}.Debug|x64.ActiveCfg = Debug|Any CPU
		{B5E8D4F4-7172-4CD8-AB2B-E19D2FF76AB1}.Debug|x64.Build.0 = Debug|Any CPU
		{B5E8D4F4-7172-4CD8-AB2B-E19D2FF76AB1}.Debug|x86.ActiveCfg = Debug|Any CPU
		{B5E8D4F4-7172-4CD8-AB2B-E19D2FF76AB1}.Debug|x86.Build.0 = Debug|Any CPU
		{B5E8D4F4-7172-4CD8-AB2B-E19D2FF76AB1}.Release|Any CPU.ActiveCfg = Release|Any CPU
		{B5E8D4F4-7172-4CD8-AB2B-E19D2FF76AB1}.Release|Any CPU.Build.0 = Release|Any CPU
		{B5E8D4F4-7172-4CD8-AB2B-E19D2FF76AB1}.Release|x64.ActiveCfg = Release|Any CPU
		{B5E8D4F4-7172-4CD8-AB2B-E19D2FF76AB1}.Release|x64.Build.0 = Release|Any CPU
		{B5E8D4F4-7172-4CD8-AB2B-E19D2FF76AB1}.Release|x86.ActiveCfg = Release|Any CPU
		{B5E8D4F4-7172-4CD8-AB2B-E19D2FF76AB1}.Release|x86.Build.0 = Release|Any CPU
		{49FBD467-3BD5-41D2-B7C7-FA541EF84FC8}.Debug|Any CPU.ActiveCfg = Debug|Any CPU
		{49FBD467-3BD5-41D2-B7C7-FA541EF84FC8}.Debug|Any CPU.Build.0 = Debug|Any CPU
		{49FBD467-3BD5-41D2-B7C7-FA541EF84FC8}.Debug|x64.ActiveCfg = Debug|Any CPU
		{49FBD467-3BD5-41D2-B7C7-FA541EF84FC8}.Debug|x64.Build.0 = Debug|Any CPU
		{49FBD467-3BD5-41D2-B7C7-FA541EF84FC8}.Debug|x86.ActiveCfg = Debug|Any CPU
		{49FBD467-3BD5-41D2-B7C7-FA541EF84FC8}.Debug|x86.Build.0 = Debug|Any CPU
		{49FBD467-3BD5-41D2-B7C7-FA541EF84FC8}.Release|Any CPU.ActiveCfg = Release|Any CPU
		{49FBD467-3BD5-41D2-B7C7-FA541EF84FC8}.Release|Any CPU.Build.0 = Release|Any CPU
		{49FBD467-3BD5-41D2-B7C7-FA541EF84FC8}.Release|x64.ActiveCfg = Release|Any CPU
		{49FBD467-3BD5-41D2-B7C7-FA541EF84FC8}.Release|x64.Build.0 = Release|Any CPU
		{49FBD467-3BD5-41D2-B7C7-FA541EF84FC8}.Release|x86.ActiveCfg = Release|Any CPU
		{49FBD467-3BD5-41D2-B7C7-FA541EF84FC8}.Release|x86.Build.0 = Release|Any CPU
		{FB6A507A-507A-4035-8465-6F697AFD9221}.Debug|Any CPU.ActiveCfg = Debug|Any CPU
		{FB6A507A-507A-4035-8465-6F697AFD9221}.Debug|Any CPU.Build.0 = Debug|Any CPU
		{FB6A507A-507A-4035-8465-6F697AFD9221}.Debug|x64.ActiveCfg = Debug|Any CPU
		{FB6A507A-507A-4035-8465-6F697AFD9221}.Debug|x64.Build.0 = Debug|Any CPU
		{FB6A507A-507A-4035-8465-6F697AFD9221}.Debug|x86.ActiveCfg = Debug|Any CPU
		{FB6A507A-507A-4035-8465-6F697AFD9221}.Debug|x86.Build.0 = Debug|Any CPU
		{FB6A507A-507A-4035-8465-6F697AFD9221}.Release|Any CPU.ActiveCfg = Release|Any CPU
		{FB6A507A-507A-4035-8465-6F697AFD9221}.Release|Any CPU.Build.0 = Release|Any CPU
		{FB6A507A-507A-4035-8465-6F697AFD9221}.Release|x64.ActiveCfg = Release|Any CPU
		{FB6A507A-507A-4035-8465-6F697AFD9221}.Release|x64.Build.0 = Release|Any CPU
		{FB6A507A-507A-4035-8465-6F697AFD9221}.Release|x86.ActiveCfg = Release|Any CPU
		{FB6A507A-507A-4035-8465-6F697AFD9221}.Release|x86.Build.0 = Release|Any CPU
		{3EEFF6A1-A12D-4676-AFDE-56EA90266520}.Debug|Any CPU.ActiveCfg = Debug|Any CPU
		{3EEFF6A1-A12D-4676-AFDE-56EA90266520}.Debug|Any CPU.Build.0 = Debug|Any CPU
		{3EEFF6A1-A12D-4676-AFDE-56EA90266520}.Debug|x64.ActiveCfg = Debug|Any CPU
		{3EEFF6A1-A12D-4676-AFDE-56EA90266520}.Debug|x64.Build.0 = Debug|Any CPU
		{3EEFF6A1-A12D-4676-AFDE-56EA90266520}.Debug|x86.ActiveCfg = Debug|Any CPU
		{3EEFF6A1-A12D-4676-AFDE-56EA90266520}.Debug|x86.Build.0 = Debug|Any CPU
		{3EEFF6A1-A12D-4676-AFDE-56EA90266520}.Release|Any CPU.ActiveCfg = Release|Any CPU
		{3EEFF6A1-A12D-4676-AFDE-56EA90266520}.Release|Any CPU.Build.0 = Release|Any CPU
		{3EEFF6A1-A12D-4676-AFDE-56EA90266520}.Release|x64.ActiveCfg = Release|Any CPU
		{3EEFF6A1-A12D-4676-AFDE-56EA90266520}.Release|x64.Build.0 = Release|Any CPU
		{3EEFF6A1-A12D-4676-AFDE-56EA90266520}.Release|x86.ActiveCfg = Release|Any CPU
		{3EEFF6A1-A12D-4676-AFDE-56EA90266520}.Release|x86.Build.0 = Release|Any CPU
		{121E9EE8-3C1C-446D-951A-5EB3EFAE0748}.Debug|Any CPU.ActiveCfg = Debug|Any CPU
		{121E9EE8-3C1C-446D-951A-5EB3EFAE0748}.Debug|Any CPU.Build.0 = Debug|Any CPU
		{121E9EE8-3C1C-446D-951A-5EB3EFAE0748}.Debug|x64.ActiveCfg = Debug|Any CPU
		{121E9EE8-3C1C-446D-951A-5EB3EFAE0748}.Debug|x64.Build.0 = Debug|Any CPU
		{121E9EE8-3C1C-446D-951A-5EB3EFAE0748}.Debug|x86.ActiveCfg = Debug|Any CPU
		{121E9EE8-3C1C-446D-951A-5EB3EFAE0748}.Debug|x86.Build.0 = Debug|Any CPU
		{121E9EE8-3C1C-446D-951A-5EB3EFAE0748}.Release|Any CPU.ActiveCfg = Release|Any CPU
		{121E9EE8-3C1C-446D-951A-5EB3EFAE0748}.Release|Any CPU.Build.0 = Release|Any CPU
		{121E9EE8-3C1C-446D-951A-5EB3EFAE0748}.Release|x64.ActiveCfg = Release|Any CPU
		{121E9EE8-3C1C-446D-951A-5EB3EFAE0748}.Release|x64.Build.0 = Release|Any CPU
		{121E9EE8-3C1C-446D-951A-5EB3EFAE0748}.Release|x86.ActiveCfg = Release|Any CPU
		{121E9EE8-3C1C-446D-951A-5EB3EFAE0748}.Release|x86.Build.0 = Release|Any CPU
		{ACB99D67-2C42-4284-8CBE-62268F7CEAD6}.Debug|Any CPU.ActiveCfg = Debug|Any CPU
		{ACB99D67-2C42-4284-8CBE-62268F7CEAD6}.Debug|Any CPU.Build.0 = Debug|Any CPU
		{ACB99D67-2C42-4284-8CBE-62268F7CEAD6}.Debug|x64.ActiveCfg = Debug|Any CPU
		{ACB99D67-2C42-4284-8CBE-62268F7CEAD6}.Debug|x64.Build.0 = Debug|Any CPU
		{ACB99D67-2C42-4284-8CBE-62268F7CEAD6}.Debug|x86.ActiveCfg = Debug|Any CPU
		{ACB99D67-2C42-4284-8CBE-62268F7CEAD6}.Debug|x86.Build.0 = Debug|Any CPU
		{ACB99D67-2C42-4284-8CBE-62268F7CEAD6}.Release|Any CPU.ActiveCfg = Release|Any CPU
		{ACB99D67-2C42-4284-8CBE-62268F7CEAD6}.Release|Any CPU.Build.0 = Release|Any CPU
		{ACB99D67-2C42-4284-8CBE-62268F7CEAD6}.Release|x64.ActiveCfg = Release|Any CPU
		{ACB99D67-2C42-4284-8CBE-62268F7CEAD6}.Release|x64.Build.0 = Release|Any CPU
		{ACB99D67-2C42-4284-8CBE-62268F7CEAD6}.Release|x86.ActiveCfg = Release|Any CPU
		{ACB99D67-2C42-4284-8CBE-62268F7CEAD6}.Release|x86.Build.0 = Release|Any CPU
		{796A52A0-C1E9-4905-91C2-6DBB31B2F582}.Debug|Any CPU.ActiveCfg = Debug|Any CPU
		{796A52A0-C1E9-4905-91C2-6DBB31B2F582}.Debug|Any CPU.Build.0 = Debug|Any CPU
		{796A52A0-C1E9-4905-91C2-6DBB31B2F582}.Debug|x64.ActiveCfg = Debug|Any CPU
		{796A52A0-C1E9-4905-91C2-6DBB31B2F582}.Debug|x64.Build.0 = Debug|Any CPU
		{796A52A0-C1E9-4905-91C2-6DBB31B2F582}.Debug|x86.ActiveCfg = Debug|Any CPU
		{796A52A0-C1E9-4905-91C2-6DBB31B2F582}.Debug|x86.Build.0 = Debug|Any CPU
		{796A52A0-C1E9-4905-91C2-6DBB31B2F582}.Release|Any CPU.ActiveCfg = Release|Any CPU
		{796A52A0-C1E9-4905-91C2-6DBB31B2F582}.Release|Any CPU.Build.0 = Release|Any CPU
		{796A52A0-C1E9-4905-91C2-6DBB31B2F582}.Release|x64.ActiveCfg = Release|Any CPU
		{796A52A0-C1E9-4905-91C2-6DBB31B2F582}.Release|x64.Build.0 = Release|Any CPU
		{796A52A0-C1E9-4905-91C2-6DBB31B2F582}.Release|x86.ActiveCfg = Release|Any CPU
		{796A52A0-C1E9-4905-91C2-6DBB31B2F582}.Release|x86.Build.0 = Release|Any CPU
		{74D69C4A-31D8-4546-92D2-17DE552BCBC0}.Debug|Any CPU.ActiveCfg = Debug|Any CPU
		{74D69C4A-31D8-4546-92D2-17DE552BCBC0}.Debug|Any CPU.Build.0 = Debug|Any CPU
		{74D69C4A-31D8-4546-92D2-17DE552BCBC0}.Debug|x64.ActiveCfg = Debug|Any CPU
		{74D69C4A-31D8-4546-92D2-17DE552BCBC0}.Debug|x64.Build.0 = Debug|Any CPU
		{74D69C4A-31D8-4546-92D2-17DE552BCBC0}.Debug|x86.ActiveCfg = Debug|Any CPU
		{74D69C4A-31D8-4546-92D2-17DE552BCBC0}.Debug|x86.Build.0 = Debug|Any CPU
		{74D69C4A-31D8-4546-92D2-17DE552BCBC0}.Release|Any CPU.ActiveCfg = Release|Any CPU
		{74D69C4A-31D8-4546-92D2-17DE552BCBC0}.Release|Any CPU.Build.0 = Release|Any CPU
		{74D69C4A-31D8-4546-92D2-17DE552BCBC0}.Release|x64.ActiveCfg = Release|Any CPU
		{74D69C4A-31D8-4546-92D2-17DE552BCBC0}.Release|x64.Build.0 = Release|Any CPU
		{74D69C4A-31D8-4546-92D2-17DE552BCBC0}.Release|x86.ActiveCfg = Release|Any CPU
		{74D69C4A-31D8-4546-92D2-17DE552BCBC0}.Release|x86.Build.0 = Release|Any CPU
		{FCB47BF0-9C2E-47FF-B2F7-CBAE80EB54CC}.Debug|Any CPU.ActiveCfg = Debug|Any CPU
		{FCB47BF0-9C2E-47FF-B2F7-CBAE80EB54CC}.Debug|Any CPU.Build.0 = Debug|Any CPU
		{FCB47BF0-9C2E-47FF-B2F7-CBAE80EB54CC}.Debug|x64.ActiveCfg = Debug|Any CPU
		{FCB47BF0-9C2E-47FF-B2F7-CBAE80EB54CC}.Debug|x64.Build.0 = Debug|Any CPU
		{FCB47BF0-9C2E-47FF-B2F7-CBAE80EB54CC}.Debug|x86.ActiveCfg = Debug|Any CPU
		{FCB47BF0-9C2E-47FF-B2F7-CBAE80EB54CC}.Debug|x86.Build.0 = Debug|Any CPU
		{FCB47BF0-9C2E-47FF-B2F7-CBAE80EB54CC}.Release|Any CPU.ActiveCfg = Release|Any CPU
		{FCB47BF0-9C2E-47FF-B2F7-CBAE80EB54CC}.Release|Any CPU.Build.0 = Release|Any CPU
		{FCB47BF0-9C2E-47FF-B2F7-CBAE80EB54CC}.Release|x64.ActiveCfg = Release|Any CPU
		{FCB47BF0-9C2E-47FF-B2F7-CBAE80EB54CC}.Release|x64.Build.0 = Release|Any CPU
		{FCB47BF0-9C2E-47FF-B2F7-CBAE80EB54CC}.Release|x86.ActiveCfg = Release|Any CPU
		{FCB47BF0-9C2E-47FF-B2F7-CBAE80EB54CC}.Release|x86.Build.0 = Release|Any CPU
		{5DC422D1-1217-4A4D-8E6F-559EED6C9768}.Debug|Any CPU.ActiveCfg = Debug|Any CPU
		{5DC422D1-1217-4A4D-8E6F-559EED6C9768}.Debug|Any CPU.Build.0 = Debug|Any CPU
		{5DC422D1-1217-4A4D-8E6F-559EED6C9768}.Debug|x64.ActiveCfg = Debug|Any CPU
		{5DC422D1-1217-4A4D-8E6F-559EED6C9768}.Debug|x64.Build.0 = Debug|Any CPU
		{5DC422D1-1217-4A4D-8E6F-559EED6C9768}.Debug|x86.ActiveCfg = Debug|Any CPU
		{5DC422D1-1217-4A4D-8E6F-559EED6C9768}.Debug|x86.Build.0 = Debug|Any CPU
		{5DC422D1-1217-4A4D-8E6F-559EED6C9768}.Release|Any CPU.ActiveCfg = Release|Any CPU
		{5DC422D1-1217-4A4D-8E6F-559EED6C9768}.Release|Any CPU.Build.0 = Release|Any CPU
		{5DC422D1-1217-4A4D-8E6F-559EED6C9768}.Release|x64.ActiveCfg = Release|Any CPU
		{5DC422D1-1217-4A4D-8E6F-559EED6C9768}.Release|x64.Build.0 = Release|Any CPU
		{5DC422D1-1217-4A4D-8E6F-559EED6C9768}.Release|x86.ActiveCfg = Release|Any CPU
		{5DC422D1-1217-4A4D-8E6F-559EED6C9768}.Release|x86.Build.0 = Release|Any CPU
		{77C17755-8DC9-4DF1-A920-405E84AFAACF}.Debug|Any CPU.ActiveCfg = Debug|Any CPU
		{77C17755-8DC9-4DF1-A920-405E84AFAACF}.Debug|Any CPU.Build.0 = Debug|Any CPU
		{77C17755-8DC9-4DF1-A920-405E84AFAACF}.Debug|x64.ActiveCfg = Debug|Any CPU
		{77C17755-8DC9-4DF1-A920-405E84AFAACF}.Debug|x64.Build.0 = Debug|Any CPU
		{77C17755-8DC9-4DF1-A920-405E84AFAACF}.Debug|x86.ActiveCfg = Debug|Any CPU
		{77C17755-8DC9-4DF1-A920-405E84AFAACF}.Debug|x86.Build.0 = Debug|Any CPU
		{77C17755-8DC9-4DF1-A920-405E84AFAACF}.Release|Any CPU.ActiveCfg = Release|Any CPU
		{77C17755-8DC9-4DF1-A920-405E84AFAACF}.Release|Any CPU.Build.0 = Release|Any CPU
		{77C17755-8DC9-4DF1-A920-405E84AFAACF}.Release|x64.ActiveCfg = Release|Any CPU
		{77C17755-8DC9-4DF1-A920-405E84AFAACF}.Release|x64.Build.0 = Release|Any CPU
		{77C17755-8DC9-4DF1-A920-405E84AFAACF}.Release|x86.ActiveCfg = Release|Any CPU
		{77C17755-8DC9-4DF1-A920-405E84AFAACF}.Release|x86.Build.0 = Release|Any CPU
	EndGlobalSection
	GlobalSection(SolutionProperties) = preSolution
		HideSolutionNode = FALSE
	EndGlobalSection
	GlobalSection(ExtensibilityGlobals) = postSolution
		SolutionGuid = {DFCAB79C-F63E-41F3-A51A-1F142A0A5D16}
	EndGlobalSection
EndGlobal
